// !$*UTF8*$!
{
	archiveVersion = 1;
	classes = {
	};
	objectVersion = 50;
	objects = {

/* Begin PBXBuildFile section */
		9726DA5A22714285005AFA19 /* AppDelegate.swift in Sources */ = {isa = PBXBuildFile; fileRef = 9726DA5922714285005AFA19 /* AppDelegate.swift */; };
		9726DA5C22714285005AFA19 /* ViewController.swift in Sources */ = {isa = PBXBuildFile; fileRef = 9726DA5B22714285005AFA19 /* ViewController.swift */; };
		9726DA5F22714285005AFA19 /* Main.storyboard in Resources */ = {isa = PBXBuildFile; fileRef = 9726DA5D22714285005AFA19 /* Main.storyboard */; };
		9726DA6122714287005AFA19 /* Assets.xcassets in Resources */ = {isa = PBXBuildFile; fileRef = 9726DA6022714287005AFA19 /* Assets.xcassets */; };
		9726DA6422714287005AFA19 /* LaunchScreen.storyboard in Resources */ = {isa = PBXBuildFile; fileRef = 9726DA6222714287005AFA19 /* LaunchScreen.storyboard */; };
		9726DA6D227142D6005AFA19 /* EarthQuake.swift in Sources */ = {isa = PBXBuildFile; fileRef = 9726DA6C227142D6005AFA19 /* EarthQuake.swift */; };
		9726DA6F227153EC005AFA19 /* DataServices.swift in Sources */ = {isa = PBXBuildFile; fileRef = 9726DA6E227153EC005AFA19 /* DataServices.swift */; };
		97F61B47227AD72F0011F8F1 /* TableViewCell.swift in Sources */ = {isa = PBXBuildFile; fileRef = 97F61B46227AD72F0011F8F1 /* TableViewCell.swift */; };
/* End PBXBuildFile section */

/* Begin PBXFileReference section */
		9726DA5622714285005AFA19 /* RequestApiEarthQuakeDemo.app */ = {isa = PBXFileReference; explicitFileType = wrapper.application; includeInIndex = 0; path = RequestApiEarthQuakeDemo.app; sourceTree = BUILT_PRODUCTS_DIR; };
		9726DA5922714285005AFA19 /* AppDelegate.swift */ = {isa = PBXFileReference; lastKnownFileType = sourcecode.swift; path = AppDelegate.swift; sourceTree = "<group>"; };
		9726DA5B22714285005AFA19 /* ViewController.swift */ = {isa = PBXFileReference; lastKnownFileType = sourcecode.swift; path = ViewController.swift; sourceTree = "<group>"; };
		9726DA5E22714285005AFA19 /* Base */ = {isa = PBXFileReference; lastKnownFileType = file.storyboard; name = Base; path = Base.lproj/Main.storyboard; sourceTree = "<group>"; };
		9726DA6022714287005AFA19 /* Assets.xcassets */ = {isa = PBXFileReference; lastKnownFileType = folder.assetcatalog; path = Assets.xcassets; sourceTree = "<group>"; };
		9726DA6322714287005AFA19 /* Base */ = {isa = PBXFileReference; lastKnownFileType = file.storyboard; name = Base; path = Base.lproj/LaunchScreen.storyboard; sourceTree = "<group>"; };
		9726DA6522714287005AFA19 /* Info.plist */ = {isa = PBXFileReference; lastKnownFileType = text.plist.xml; path = Info.plist; sourceTree = "<group>"; };
		9726DA6C227142D6005AFA19 /* EarthQuake.swift */ = {isa = PBXFileReference; lastKnownFileType = sourcecode.swift; path = EarthQuake.swift; sourceTree = "<group>"; };
		9726DA6E227153EC005AFA19 /* DataServices.swift */ = {isa = PBXFileReference; lastKnownFileType = sourcecode.swift; path = DataServices.swift; sourceTree = "<group>"; };
		97F61B46227AD72F0011F8F1 /* TableViewCell.swift */ = {isa = PBXFileReference; lastKnownFileType = sourcecode.swift; path = TableViewCell.swift; sourceTree = "<group>"; };
/* End PBXFileReference section */

/* Begin PBXFrameworksBuildPhase section */
		9726DA5322714285005AFA19 /* Frameworks */ = {
			isa = PBXFrameworksBuildPhase;
			buildActionMask = 2147483647;
			files = (
			);
			runOnlyForDeploymentPostprocessing = 0;
		};
/* End PBXFrameworksBuildPhase section */

/* Begin PBXGroup section */
		9726DA4D22714285005AFA19 = {
			isa = PBXGroup;
			children = (
				9726DA5822714285005AFA19 /* RequestApiEarthQuakeDemo */,
				9726DA5722714285005AFA19 /* Products */,
			);
			sourceTree = "<group>";
		};
		9726DA5722714285005AFA19 /* Products */ = {
			isa = PBXGroup;
			children = (
				9726DA5622714285005AFA19 /* RequestApiEarthQuakeDemo.app */,
			);
			name = Products;
			sourceTree = "<group>";
		};
		9726DA5822714285005AFA19 /* RequestApiEarthQuakeDemo */ = {
			isa = PBXGroup;
			children = (
				9726DA5922714285005AFA19 /* AppDelegate.swift */,
				9726DA5B22714285005AFA19 /* ViewController.swift */,
				97F61B46227AD72F0011F8F1 /* TableViewCell.swift */,
				9726DA6B2271429B005AFA19 /* Model */,
				9726DA5D22714285005AFA19 /* Main.storyboard */,
				9726DA6022714287005AFA19 /* Assets.xcassets */,
				9726DA6222714287005AFA19 /* LaunchScreen.storyboard */,
				9726DA6522714287005AFA19 /* Info.plist */,
			);
			path = RequestApiEarthQuakeDemo;
			sourceTree = "<group>";
		};
		9726DA6B2271429B005AFA19 /* Model */ = {
			isa = PBXGroup;
			children = (
				9726DA6C227142D6005AFA19 /* EarthQuake.swift */,
				9726DA6E227153EC005AFA19 /* DataServices.swift */,
			);
			name = Model;
			sourceTree = "<group>";
		};
/* End PBXGroup section */

/* Begin PBXNativeTarget section */
		9726DA5522714285005AFA19 /* RequestApiEarthQuakeDemo */ = {
			isa = PBXNativeTarget;
			buildConfigurationList = 9726DA6822714287005AFA19 /* Build configuration list for PBXNativeTarget "RequestApiEarthQuakeDemo" */;
			buildPhases = (
				9726DA5222714285005AFA19 /* Sources */,
				9726DA5322714285005AFA19 /* Frameworks */,
				9726DA5422714285005AFA19 /* Resources */,
			);
			buildRules = (
			);
			dependencies = (
			);
			name = RequestApiEarthQuakeDemo;
			productName = RequestApiEarthQuakeDemo;
			productReference = 9726DA5622714285005AFA19 /* RequestApiEarthQuakeDemo.app */;
			productType = "com.apple.product-type.application";
		};
/* End PBXNativeTarget section */

/* Begin PBXProject section */
		9726DA4E22714285005AFA19 /* Project object */ = {
			isa = PBXProject;
			attributes = {
				LastSwiftUpdateCheck = 1000;
				LastUpgradeCheck = 1000;
				ORGANIZATIONNAME = Vu;
				TargetAttributes = {
					9726DA5522714285005AFA19 = {
						CreatedOnToolsVersion = 10.0;
					};
				};
			};
			buildConfigurationList = 9726DA5122714285005AFA19 /* Build configuration list for PBXProject "RequestApiEarthQuakeDemo" */;
			compatibilityVersion = "Xcode 9.3";
			developmentRegion = en;
			hasScannedForEncodings = 0;
			knownRegions = (
				en,
				Base,
			);
			mainGroup = 9726DA4D22714285005AFA19;
			productRefGroup = 9726DA5722714285005AFA19 /* Products */;
			projectDirPath = "";
			projectRoot = "";
			targets = (
				9726DA5522714285005AFA19 /* RequestApiEarthQuakeDemo */,
			);
		};
/* End PBXProject section */

/* Begin PBXResourcesBuildPhase section */
		9726DA5422714285005AFA19 /* Resources */ = {
			isa = PBXResourcesBuildPhase;
			buildActionMask = 2147483647;
			files = (
				9726DA6422714287005AFA19 /* LaunchScreen.storyboard in Resources */,
				9726DA6122714287005AFA19 /* Assets.xcassets in Resources */,
				9726DA5F22714285005AFA19 /* Main.storyboard in Resources */,
			);
			runOnlyForDeploymentPostprocessing = 0;
		};
/* End PBXResourcesBuildPhase section */

/* Begin PBXSourcesBuildPhase section */
		9726DA5222714285005AFA19 /* Sources */ = {
			isa = PBXSourcesBuildPhase;
			buildActionMask = 2147483647;
			files = (
				97F61B47227AD72F0011F8F1 /* TableViewCell.swift in Sources */,
				9726DA5C22714285005AFA19 /* ViewController.swift in Sources */,
				9726DA6D227142D6005AFA19 /* EarthQuake.swift in Sources */,
				9726DA5A22714285005AFA19 /* AppDelegate.swift in Sources */,
				9726DA6F227153EC005AFA19 /* DataServices.swift in Sources */,
			);
			runOnlyForDeploymentPostprocessing = 0;
		};
/* End PBXSourcesBuildPhase section */

/* Begin PBXVariantGroup section */
		9726DA5D22714285005AFA19 /* Main.storyboard */ = {
			isa = PBXVariantGroup;
			children = (
				9726DA5E22714285005AFA19 /* Base */,
			);
			name = Main.storyboard;
			sourceTree = "<group>";
		};
		9726DA6222714287005AFA19 /* LaunchScreen.storyboard */ = {
			isa = PBXVariantGroup;
			children = (
				9726DA6322714287005AFA19 /* Base */,
			);
			name = LaunchScreen.storyboard;
			sourceTree = "<group>";
		};
/* End PBXVariantGroup section */

/* Begin XCBuildConfiguration section */
		9726DA6622714287005AFA19 /* Debug */ = {
			isa = XCBuildConfiguration;
			buildSettings = {
				ALWAYS_SEARCH_USER_PATHS = NO;
				CLANG_ANALYZER_NONNULL = YES;
				CLANG_ANALYZER_NUMBER_OBJECT_CONVERSION = YES_AGGRESSIVE;
				CLANG_CXX_LANGUAGE_STANDARD = "gnu++14";
				CLANG_CXX_LIBRARY = "libc++";
				CLANG_ENABLE_MODULES = YES;
				CLANG_ENABLE_OBJC_ARC = YES;
				CLANG_ENABLE_OBJC_WEAK = YES;
				CLANG_WARN_BLOCK_CAPTURE_AUTORELEASING = YES;
				CLANG_WARN_BOOL_CONVERSION = YES;
				CLANG_WARN_COMMA = YES;
				CLANG_WARN_CONSTANT_CONVERSION = YES;
				CLANG_WARN_DEPRECATED_OBJC_IMPLEMENTATIONS = YES;
				CLANG_WARN_DIRECT_OBJC_ISA_USAGE = YES_ERROR;
				CLANG_WARN_DOCUMENTATION_COMMENTS = YES;
				CLANG_WARN_EMPTY_BODY = YES;
				CLANG_WARN_ENUM_CONVERSION = YES;
				CLANG_WARN_INFINITE_RECURSION = YES;
				CLANG_WARN_INT_CONVERSION = YES;
				CLANG_WARN_NON_LITERAL_NULL_CONVERSION = YES;
				CLANG_WARN_OBJC_IMPLICIT_RETAIN_SELF = YES;
				CLANG_WARN_OBJC_LITERAL_CONVERSION = YES;
				CLANG_WARN_OBJC_ROOT_CLASS = YES_ERROR;
				CLANG_WARN_RANGE_LOOP_ANALYSIS = YES;
				CLANG_WARN_STRICT_PROTOTYPES = YES;
				CLANG_WARN_SUSPICIOUS_MOVE = YES;
				CLANG_WARN_UNGUARDED_AVAILABILITY = YES_AGGRESSIVE;
				CLANG_WARN_UNREACHABLE_CODE = YES;
				CLANG_WARN__DUPLICATE_METHOD_MATCH = YES;
				CODE_SIGN_IDENTITY = "iPhone Developer";
				COPY_PHASE_STRIP = NO;
				DEBUG_INFORMATION_FORMAT = dwarf;
				ENABLE_STRICT_OBJC_MSGSEND = YES;
				ENABLE_TESTABILITY = YES;
				GCC_C_LANGUAGE_STANDARD = gnu11;
				GCC_DYNAMIC_NO_PIC = NO;
				GCC_NO_COMMON_BLOCKS = YES;
				GCC_OPTIMIZATION_LEVEL = 0;
				GCC_PREPROCESSOR_DEFINITIONS = (
					"DEBUG=1",
					"$(inherited)",
				);
				GCC_WARN_64_TO_32_BIT_CONVERSION = YES;
				GCC_WARN_ABOUT_RETURN_TYPE = YES_ERROR;
				GCC_WARN_UNDECLARED_SELECTOR = YES;
				GCC_WARN_UNINITIALIZED_AUTOS = YES_AGGRESSIVE;
				GCC_WARN_UNUSED_FUNCTION = YES;
				GCC_WARN_UNUSED_VARIABLE = YES;
				IPHONEOS_DEPLOYMENT_TARGET = 12.0;
				MTL_ENABLE_DEBUG_INFO = INCLUDE_SOURCE;
				MTL_FAST_MATH = YES;
				ONLY_ACTIVE_ARCH = YES;
				SDKROOT = iphoneos;
				SWIFT_ACTIVE_COMPILATION_CONDITIONS = DEBUG;
				SWIFT_OPTIMIZATION_LEVEL = "-Onone";
			};
			name = Debug;
		};
		9726DA6722714287005AFA19 /* Release */ = {
			isa = XCBuildConfiguration;
			buildSettings = {
				ALWAYS_SEARCH_USER_PATHS = NO;
				CLANG_ANALYZER_NONNULL = YES;
				CLANG_ANALYZER_NUMBER_OBJECT_CONVERSION = YES_AGGRESSIVE;
				CLANG_CXX_LANGUAGE_STANDARD = "gnu++14";
				CLANG_CXX_LIBRARY = "libc++";
				CLANG_ENABLE_MODULES = YES;
				CLANG_ENABLE_OBJC_ARC = YES;
				CLANG_ENABLE_OBJC_WEAK = YES;
				CLANG_WARN_BLOCK_CAPTURE_AUTORELEASING = YES;
				CLANG_WARN_BOOL_CONVERSION = YES;
				CLANG_WARN_COMMA = YES;
				CLANG_WARN_CONSTANT_CONVERSION = YES;
				CLANG_WARN_DEPRECATED_OBJC_IMPLEMENTATIONS = YES;
				CLANG_WARN_DIRECT_OBJC_ISA_USAGE = YES_ERROR;
				CLANG_WARN_DOCUMENTATION_COMMENTS = YES;
				CLANG_WARN_EMPTY_BODY = YES;
				CLANG_WARN_ENUM_CONVERSION = YES;
				CLANG_WARN_INFINITE_RECURSION = YES;
				CLANG_WARN_INT_CONVERSION = YES;
				CLANG_WARN_NON_LITERAL_NULL_CONVERSION = YES;
				CLANG_WARN_OBJC_IMPLICIT_RETAIN_SELF = YES;
				CLANG_WARN_OBJC_LITERAL_CONVERSION = YES;
				CLANG_WARN_OBJC_ROOT_CLASS = YES_ERROR;
				CLANG_WARN_RANGE_LOOP_ANALYSIS = YES;
				CLANG_WARN_STRICT_PROTOTYPES = YES;
				CLANG_WARN_SUSPICIOUS_MOVE = YES;
				CLANG_WARN_UNGUARDED_AVAILABILITY = YES_AGGRESSIVE;
				CLANG_WARN_UNREACHABLE_CODE = YES;
				CLANG_WARN__DUPLICATE_METHOD_MATCH = YES;
				CODE_SIGN_IDENTITY = "iPhone Developer";
				COPY_PHASE_STRIP = NO;
				DEBUG_INFORMATION_FORMAT = "dwarf-with-dsym";
				ENABLE_NS_ASSERTIONS = NO;
				ENABLE_STRICT_OBJC_MSGSEND = YES;
				GCC_C_LANGUAGE_STANDARD = gnu11;
				GCC_NO_COMMON_BLOCKS = YES;
				GCC_WARN_64_TO_32_BIT_CONVERSION = YES;
				GCC_WARN_ABOUT_RETURN_TYPE = YES_ERROR;
				GCC_WARN_UNDECLARED_SELECTOR = YES;
				GCC_WARN_UNINITIALIZED_AUTOS = YES_AGGRESSIVE;
				GCC_WARN_UNUSED_FUNCTION = YES;
				GCC_WARN_UNUSED_VARIABLE = YES;
				IPHONEOS_DEPLOYMENT_TARGET = 12.0;
				MTL_ENABLE_DEBUG_INFO = NO;
				MTL_FAST_MATH = YES;
				SDKROOT = iphoneos;
				SWIFT_COMPILATION_MODE = wholemodule;
				SWIFT_OPTIMIZATION_LEVEL = "-O";
				VALIDATE_PRODUCT = YES;
			};
			name = Release;
		};
		9726DA6922714287005AFA19 /* Debug */ = {
			isa = XCBuildConfiguration;
			buildSettings = {
				ASSETCATALOG_COMPILER_APPICON_NAME = AppIcon;
				CODE_SIGN_STYLE = Automatic;
				INFOPLIST_FILE = RequestApiEarthQuakeDemo/Info.plist;
				LD_RUNPATH_SEARCH_PATHS = (
					"$(inherited)",
					"@executable_path/Frameworks",
				);
				PRODUCT_BUNDLE_IDENTIFIER = "-.RequestApiEarthQuakeDemo";
				PRODUCT_NAME = "$(TARGET_NAME)";
				SWIFT_VERSION = 4.2;
				TARGETED_DEVICE_FAMILY = "1,2";
			};
			name = Debug;
		};
		9726DA6A22714287005AFA19 /* Release */ = {
			isa = XCBuildConfiguration;
			buildSettings = {
				ASSETCATALOG_COMPILER_APPICON_NAME = AppIcon;
				CODE_SIGN_STYLE = Automatic;
				INFOPLIST_FILE = RequestApiEarthQuakeDemo/Info.plist;
				LD_RUNPATH_SEARCH_PATHS = (
					"$(inherited)",
					"@executable_path/Frameworks",
				);
				PRODUCT_BUNDLE_IDENTIFIER = "-.RequestApiEarthQuakeDemo";
				PRODUCT_NAME = "$(TARGET_NAME)";
				SWIFT_VERSION = 4.2;
				TARGETED_DEVICE_FAMILY = "1,2";
			};
			name = Release;
		};
/* End XCBuildConfiguration section */

/* Begin XCConfigurationList section */
		9726DA5122714285005AFA19 /* Build configuration list for PBXProject "RequestApiEarthQuakeDemo" */ = {
			isa = XCConfigurationList;
			buildConfigurations = (
				9726DA6622714287005AFA19 /* Debug */,
				9726DA6722714287005AFA19 /* Release */,
			);
			defaultConfigurationIsVisible = 0;
			defaultConfigurationName = Release;
		};
		9726DA6822714287005AFA19 /* Build configuration list for PBXNativeTarget "RequestApiEarthQuakeDemo" */ = {
			isa = XCConfigurationList;
			buildConfigurations = (
				9726DA6922714287005AFA19 /* Debug */,
				9726DA6A22714287005AFA19 /* Release */,
			);
			defaultConfigurationIsVisible = 0;
			defaultConfigurationName = Release;
		};
/* End XCConfigurationList section */
	};
	rootObject = 9726DA4E22714285005AFA19 /* Project object */;
}
